// !$*UTF8*$!
{
	archiveVersion = 1;
	classes = {
	};
	objectVersion = 55;
	objects = {

/* Begin PBXBuildFile section */
		DDBD631627DF9FFF0049E740 /* SwipeAppApp.swift in Sources */ = {isa = PBXBuildFile; fileRef = DDBD631527DF9FFF0049E740 /* SwipeAppApp.swift */; };
		DDBD631827DF9FFF0049E740 /* ContentView.swift in Sources */ = {isa = PBXBuildFile; fileRef = DDBD631727DF9FFF0049E740 /* ContentView.swift */; };
		DDBD631A27DFA0000049E740 /* Assets.xcassets in Resources */ = {isa = PBXBuildFile; fileRef = DDBD631927DFA0000049E740 /* Assets.xcassets */; };
		DDBD631D27DFA0000049E740 /* Preview Assets.xcassets in Resources */ = {isa = PBXBuildFile; fileRef = DDBD631C27DFA0000049E740 /* Preview Assets.xcassets */; };
		DDBD632527DFA32B0049E740 /* success.m4a in Resources */ = {isa = PBXBuildFile; fileRef = DDBD632327DFA32B0049E740 /* success.m4a */; };
		DDBD632627DFA32B0049E740 /* chimeup.mp3 in Resources */ = {isa = PBXBuildFile; fileRef = DDBD632427DFA32B0049E740 /* chimeup.mp3 */; };
		DDBD632D27DFBB9C0049E740 /* OnboardingView.swift in Sources */ = {isa = PBXBuildFile; fileRef = DDBD632C27DFBB9C0049E740 /* OnboardingView.swift */; };
		DDBD632F27DFBBA80049E740 /* HomeView.swift in Sources */ = {isa = PBXBuildFile; fileRef = DDBD632E27DFBBA80049E740 /* HomeView.swift */; };
		DDC7ED2127EC1CDD005C0D83 /* CircleGroupView.swift in Sources */ = {isa = PBXBuildFile; fileRef = DDC7ED2027EC1CDD005C0D83 /* CircleGroupView.swift */; };
		DDC7ED2327ECB38B005C0D83 /* AudioPlayer.swift in Sources */ = {isa = PBXBuildFile; fileRef = DDC7ED2227ECB38B005C0D83 /* AudioPlayer.swift */; };
		DDC7ED2527ECBE18005C0D83 /* NavigationBarDetail.swift in Sources */ = {isa = PBXBuildFile; fileRef = DDC7ED2427ECBE18005C0D83 /* NavigationBarDetail.swift */; };
/* End PBXBuildFile section */

/* Begin PBXFileReference section */
		DDBD631227DF9FFF0049E740 /* SwipeApp.app */ = {isa = PBXFileReference; explicitFileType = wrapper.application; includeInIndex = 0; path = SwipeApp.app; sourceTree = BUILT_PRODUCTS_DIR; };
		DDBD631527DF9FFF0049E740 /* SwipeAppApp.swift */ = {isa = PBXFileReference; lastKnownFileType = sourcecode.swift; path = SwipeAppApp.swift; sourceTree = "<group>"; };
		DDBD631727DF9FFF0049E740 /* ContentView.swift */ = {isa = PBXFileReference; lastKnownFileType = sourcecode.swift; path = ContentView.swift; sourceTree = "<group>"; };
		DDBD631927DFA0000049E740 /* Assets.xcassets */ = {isa = PBXFileReference; lastKnownFileType = folder.assetcatalog; path = Assets.xcassets; sourceTree = "<group>"; };
		DDBD631C27DFA0000049E740 /* Preview Assets.xcassets */ = {isa = PBXFileReference; lastKnownFileType = folder.assetcatalog; path = "Preview Assets.xcassets"; sourceTree = "<group>"; };
		DDBD632327DFA32B0049E740 /* success.m4a */ = {isa = PBXFileReference; lastKnownFileType = file; path = success.m4a; sourceTree = "<group>"; };
		DDBD632427DFA32B0049E740 /* chimeup.mp3 */ = {isa = PBXFileReference; lastKnownFileType = audio.mp3; path = chimeup.mp3; sourceTree = "<group>"; };
		DDBD632B27DFBAA30049E740 /* Info.plist */ = {isa = PBXFileReference; lastKnownFileType = text.plist; path = Info.plist; sourceTree = "<group>"; };
		DDBD632C27DFBB9C0049E740 /* OnboardingView.swift */ = {isa = PBXFileReference; lastKnownFileType = sourcecode.swift; path = OnboardingView.swift; sourceTree = "<group>"; };
		DDBD632E27DFBBA80049E740 /* HomeView.swift */ = {isa = PBXFileReference; lastKnownFileType = sourcecode.swift; path = HomeView.swift; sourceTree = "<group>"; };
		DDC7ED2027EC1CDD005C0D83 /* CircleGroupView.swift */ = {isa = PBXFileReference; lastKnownFileType = sourcecode.swift; path = CircleGroupView.swift; sourceTree = "<group>"; };
		DDC7ED2227ECB38B005C0D83 /* AudioPlayer.swift */ = {isa = PBXFileReference; lastKnownFileType = sourcecode.swift; path = AudioPlayer.swift; sourceTree = "<group>"; };
		DDC7ED2427ECBE18005C0D83 /* NavigationBarDetail.swift */ = {isa = PBXFileReference; lastKnownFileType = sourcecode.swift; path = NavigationBarDetail.swift; sourceTree = "<group>"; };
/* End PBXFileReference section */

/* Begin PBXFrameworksBuildPhase section */
		DDBD630F27DF9FFF0049E740 /* Frameworks */ = {
			isa = PBXFrameworksBuildPhase;
			buildActionMask = 2147483647;
			files = (
			);
			runOnlyForDeploymentPostprocessing = 0;
		};
/* End PBXFrameworksBuildPhase section */

/* Begin PBXGroup section */
		DDBD630927DF9FFF0049E740 = {
			isa = PBXGroup;
			children = (
				DDBD631427DF9FFF0049E740 /* SwipeApp */,
				DDBD631327DF9FFF0049E740 /* Products */,
			);
			sourceTree = "<group>";
		};
		DDBD631327DF9FFF0049E740 /* Products */ = {
			isa = PBXGroup;
			children = (
				DDBD631227DF9FFF0049E740 /* SwipeApp.app */,
			);
			name = Products;
			sourceTree = "<group>";
		};
		DDBD631427DF9FFF0049E740 /* SwipeApp */ = {
			isa = PBXGroup;
			children = (
				DDBD632B27DFBAA30049E740 /* Info.plist */,
				DDBD632A27DFB1860049E740 /* Utilities */,
				DDBD632927DFB0820049E740 /* Views */,
				DDBD632727DFA3410049E740 /* Sounds */,
				DDBD631527DF9FFF0049E740 /* SwipeAppApp.swift */,
				DDBD632827DFB0740049E740 /* Screens */,
				DDBD631927DFA0000049E740 /* Assets.xcassets */,
				DDBD631B27DFA0000049E740 /* Preview Content */,
			);
			path = SwipeApp;
			sourceTree = "<group>";
		};
		DDBD631B27DFA0000049E740 /* Preview Content */ = {
			isa = PBXGroup;
			children = (
				DDBD631C27DFA0000049E740 /* Preview Assets.xcassets */,
			);
			path = "Preview Content";
			sourceTree = "<group>";
		};
		DDBD632727DFA3410049E740 /* Sounds */ = {
			isa = PBXGroup;
			children = (
				DDBD632427DFA32B0049E740 /* chimeup.mp3 */,
				DDBD632327DFA32B0049E740 /* success.m4a */,
			);
			path = Sounds;
			sourceTree = "<group>";
		};
		DDBD632827DFB0740049E740 /* Screens */ = {
			isa = PBXGroup;
			children = (
				DDBD631727DF9FFF0049E740 /* ContentView.swift */,
				DDBD632C27DFBB9C0049E740 /* OnboardingView.swift */,
				DDBD632E27DFBBA80049E740 /* HomeView.swift */,
			);
			path = Screens;
			sourceTree = "<group>";
		};
		DDBD632927DFB0820049E740 /* Views */ = {
			isa = PBXGroup;
			children = (
				DDC7ED2027EC1CDD005C0D83 /* CircleGroupView.swift */,
				DDC7ED2427ECBE18005C0D83 /* NavigationBarDetail.swift */,
			);
			path = Views;
			sourceTree = "<group>";
		};
		DDBD632A27DFB1860049E740 /* Utilities */ = {
			isa = PBXGroup;
			children = (
				DDC7ED2227ECB38B005C0D83 /* AudioPlayer.swift */,
			);
			path = Utilities;
			sourceTree = "<group>";
		};
/* End PBXGroup section */

/* Begin PBXNativeTarget section */
		DDBD631127DF9FFF0049E740 /* SwipeApp */ = {
			isa = PBXNativeTarget;
			buildConfigurationList = DDBD632027DFA0000049E740 /* Build configuration list for PBXNativeTarget "SwipeApp" */;
			buildPhases = (
				DDBD630E27DF9FFF0049E740 /* Sources */,
				DDBD630F27DF9FFF0049E740 /* Frameworks */,
				DDBD631027DF9FFF0049E740 /* Resources */,
			);
			buildRules = (
			);
			dependencies = (
			);
			name = SwipeApp;
			productName = SwipeApp;
			productReference = DDBD631227DF9FFF0049E740 /* SwipeApp.app */;
			productType = "com.apple.product-type.application";
		};
/* End PBXNativeTarget section */

/* Begin PBXProject section */
		DDBD630A27DF9FFF0049E740 /* Project object */ = {
			isa = PBXProject;
			attributes = {
				BuildIndependentTargetsInParallel = 1;
				LastSwiftUpdateCheck = 1320;
				LastUpgradeCheck = 1320;
				TargetAttributes = {
					DDBD631127DF9FFF0049E740 = {
						CreatedOnToolsVersion = 13.2.1;
					};
				};
			};
			buildConfigurationList = DDBD630D27DF9FFF0049E740 /* Build configuration list for PBXProject "SwipeApp" */;
			compatibilityVersion = "Xcode 13.0";
			developmentRegion = en;
			hasScannedForEncodings = 0;
			knownRegions = (
				en,
				Base,
			);
			mainGroup = DDBD630927DF9FFF0049E740;
			productRefGroup = DDBD631327DF9FFF0049E740 /* Products */;
			projectDirPath = "";
			projectRoot = "";
			targets = (
				DDBD631127DF9FFF0049E740 /* SwipeApp */,
			);
		};
/* End PBXProject section */

/* Begin PBXResourcesBuildPhase section */
		DDBD631027DF9FFF0049E740 /* Resources */ = {
			isa = PBXResourcesBuildPhase;
			buildActionMask = 2147483647;
			files = (
				DDBD632627DFA32B0049E740 /* chimeup.mp3 in Resources */,
				DDBD631D27DFA0000049E740 /* Preview Assets.xcassets in Resources */,
				DDBD632527DFA32B0049E740 /* success.m4a in Resources */,
				DDBD631A27DFA0000049E740 /* Assets.xcassets in Resources */,
			);
			runOnlyForDeploymentPostprocessing = 0;
		};
/* End PBXResourcesBuildPhase section */

/* Begin PBXSourcesBuildPhase section */
		DDBD630E27DF9FFF0049E740 /* Sources */ = {
			isa = PBXSourcesBuildPhase;
			buildActionMask = 2147483647;
			files = (
				DDC7ED2127EC1CDD005C0D83 /* CircleGroupView.swift in Sources */,
				DDC7ED2527ECBE18005C0D83 /* NavigationBarDetail.swift in Sources */,
				DDBD632D27DFBB9C0049E740 /* OnboardingView.swift in Sources */,
				DDBD632F27DFBBA80049E740 /* HomeView.swift in Sources */,
				DDBD631827DF9FFF0049E740 /* ContentView.swift in Sources */,
				DDBD631627DF9FFF0049E740 /* SwipeAppApp.swift in Sources */,
				DDC7ED2327ECB38B005C0D83 /* AudioPlayer.swift in Sources */,
			);
			runOnlyForDeploymentPostprocessing = 0;
		};
/* End PBXSourcesBuildPhase section */

/* Begin XCBuildConfiguration section */
		DDBD631E27DFA0000049E740 /* Debug */ = {
			isa = XCBuildConfiguration;
			buildSettings = {
				ALWAYS_SEARCH_USER_PATHS = NO;
				CLANG_ANALYZER_NONNULL = YES;
				CLANG_ANALYZER_NUMBER_OBJECT_CONVERSION = YES_AGGRESSIVE;
				CLANG_CXX_LANGUAGE_STANDARD = "gnu++17";
				CLANG_CXX_LIBRARY = "libc++";
				CLANG_ENABLE_MODULES = YES;
				CLANG_ENABLE_OBJC_ARC = YES;
				CLANG_ENABLE_OBJC_WEAK = YES;
				CLANG_WARN_BLOCK_CAPTURE_AUTORELEASING = YES;
				CLANG_WARN_BOOL_CONVERSION = YES;
				CLANG_WARN_COMMA = YES;
				CLANG_WARN_CONSTANT_CONVERSION = YES;
				CLANG_WARN_DEPRECATED_OBJC_IMPLEMENTATIONS = YES;
				CLANG_WARN_DIRECT_OBJC_ISA_USAGE = YES_ERROR;
				CLANG_WARN_DOCUMENTATION_COMMENTS = YES;
				CLANG_WARN_EMPTY_BODY = YES;
				CLANG_WARN_ENUM_CONVERSION = YES;
				CLANG_WARN_INFINITE_RECURSION = YES;
				CLANG_WARN_INT_CONVERSION = YES;
				CLANG_WARN_NON_LITERAL_NULL_CONVERSION = YES;
				CLANG_WARN_OBJC_IMPLICIT_RETAIN_SELF = YES;
				CLANG_WARN_OBJC_LITERAL_CONVERSION = YES;
				CLANG_WARN_OBJC_ROOT_CLASS = YES_ERROR;
				CLANG_WARN_QUOTED_INCLUDE_IN_FRAMEWORK_HEADER = YES;
				CLANG_WARN_RANGE_LOOP_ANALYSIS = YES;
				CLANG_WARN_STRICT_PROTOTYPES = YES;
				CLANG_WARN_SUSPICIOUS_MOVE = YES;
				CLANG_WARN_UNGUARDED_AVAILABILITY = YES_AGGRESSIVE;
				CLANG_WARN_UNREACHABLE_CODE = YES;
				CLANG_WARN__DUPLICATE_METHOD_MATCH = YES;
				COPY_PHASE_STRIP = NO;
				DEBUG_INFORMATION_FORMAT = dwarf;
				ENABLE_STRICT_OBJC_MSGSEND = YES;
				ENABLE_TESTABILITY = YES;
				GCC_C_LANGUAGE_STANDARD = gnu11;
				GCC_DYNAMIC_NO_PIC = NO;
				GCC_NO_COMMON_BLOCKS = YES;
				GCC_OPTIMIZATION_LEVEL = 0;
				GCC_PREPROCESSOR_DEFINITIONS = (
					"DEBUG=1",
					"$(inherited)",
				);
				GCC_WARN_64_TO_32_BIT_CONVERSION = YES;
				GCC_WARN_ABOUT_RETURN_TYPE = YES_ERROR;
				GCC_WARN_UNDECLARED_SELECTOR = YES;
				GCC_WARN_UNINITIALIZED_AUTOS = YES_AGGRESSIVE;
				GCC_WARN_UNUSED_FUNCTION = YES;
				GCC_WARN_UNUSED_VARIABLE = YES;
				IPHONEOS_DEPLOYMENT_TARGET = 15.2;
				MTL_ENABLE_DEBUG_INFO = INCLUDE_SOURCE;
				MTL_FAST_MATH = YES;
				ONLY_ACTIVE_ARCH = YES;
				SDKROOT = iphoneos;
				SWIFT_ACTIVE_COMPILATION_CONDITIONS = DEBUG;
				SWIFT_OPTIMIZATION_LEVEL = "-Onone";
			};
			name = Debug;
		};
		DDBD631F27DFA0000049E740 /* Release */ = {
			isa = XCBuildConfiguration;
			buildSettings = {
				ALWAYS_SEARCH_USER_PATHS = NO;
				CLANG_ANALYZER_NONNULL = YES;
				CLANG_ANALYZER_NUMBER_OBJECT_CONVERSION = YES_AGGRESSIVE;
				CLANG_CXX_LANGUAGE_STANDARD = "gnu++17";
				CLANG_CXX_LIBRARY = "libc++";
				CLANG_ENABLE_MODULES = YES;
				CLANG_ENABLE_OBJC_ARC = YES;
				CLANG_ENABLE_OBJC_WEAK = YES;
				CLANG_WARN_BLOCK_CAPTURE_AUTORELEASING = YES;
				CLANG_WARN_BOOL_CONVERSION = YES;
				CLANG_WARN_COMMA = YES;
				CLANG_WARN_CONSTANT_CONVERSION = YES;
				CLANG_WARN_DEPRECATED_OBJC_IMPLEMENTATIONS = YES;
				CLANG_WARN_DIRECT_OBJC_ISA_USAGE = YES_ERROR;
				CLANG_WARN_DOCUMENTATION_COMMENTS = YES;
				CLANG_WARN_EMPTY_BODY = YES;
				CLANG_WARN_ENUM_CONVERSION = YES;
				CLANG_WARN_INFINITE_RECURSION = YES;
				CLANG_WARN_INT_CONVERSION = YES;
				CLANG_WARN_NON_LITERAL_NULL_CONVERSION = YES;
				CLANG_WARN_OBJC_IMPLICIT_RETAIN_SELF = YES;
				CLANG_WARN_OBJC_LITERAL_CONVERSION = YES;
				CLANG_WARN_OBJC_ROOT_CLASS = YES_ERROR;
				CLANG_WARN_QUOTED_INCLUDE_IN_FRAMEWORK_HEADER = YES;
				CLANG_WARN_RANGE_LOOP_ANALYSIS = YES;
				CLANG_WARN_STRICT_PROTOTYPES = YES;
				CLANG_WARN_SUSPICIOUS_MOVE = YES;
				CLANG_WARN_UNGUARDED_AVAILABILITY = YES_AGGRESSIVE;
				CLANG_WARN_UNREACHABLE_CODE = YES;
				CLANG_WARN__DUPLICATE_METHOD_MATCH = YES;
				COPY_PHASE_STRIP = NO;
				DEBUG_INFORMATION_FORMAT = "dwarf-with-dsym";
				ENABLE_NS_ASSERTIONS = NO;
				ENABLE_STRICT_OBJC_MSGSEND = YES;
				GCC_C_LANGUAGE_STANDARD = gnu11;
				GCC_NO_COMMON_BLOCKS = YES;
				GCC_WARN_64_TO_32_BIT_CONVERSION = YES;
				GCC_WARN_ABOUT_RETURN_TYPE = YES_ERROR;
				GCC_WARN_UNDECLARED_SELECTOR = YES;
				GCC_WARN_UNINITIALIZED_AUTOS = YES_AGGRESSIVE;
				GCC_WARN_UNUSED_FUNCTION = YES;
				GCC_WARN_UNUSED_VARIABLE = YES;
				IPHONEOS_DEPLOYMENT_TARGET = 15.2;
				MTL_ENABLE_DEBUG_INFO = NO;
				MTL_FAST_MATH = YES;
				SDKROOT = iphoneos;
				SWIFT_COMPILATION_MODE = wholemodule;
				SWIFT_OPTIMIZATION_LEVEL = "-O";
				VALIDATE_PRODUCT = YES;
			};
			name = Release;
		};
		DDBD632127DFA0000049E740 /* Debug */ = {
			isa = XCBuildConfiguration;
			buildSettings = {
				ASSETCATALOG_COMPILER_APPICON_NAME = AppIcon;
				ASSETCATALOG_COMPILER_GLOBAL_ACCENT_COLOR_NAME = AccentColor;
				CODE_SIGN_STYLE = Automatic;
				CURRENT_PROJECT_VERSION = 1;
				DEVELOPMENT_ASSET_PATHS = "\"SwipeApp/Preview Content\"";
				DEVELOPMENT_TEAM = X6BCZG26RH;
				ENABLE_PREVIEWS = YES;
				GENERATE_INFOPLIST_FILE = YES;
				INFOPLIST_FILE = SwipeApp/Info.plist;
				INFOPLIST_KEY_UIApplicationSceneManifest_Generation = YES;
				INFOPLIST_KEY_UIApplicationSupportsIndirectInputEvents = YES;
				INFOPLIST_KEY_UISupportedInterfaceOrientations = UIInterfaceOrientationPortrait;
				INFOPLIST_KEY_UISupportedInterfaceOrientations_iPad = "UIInterfaceOrientationPortrait UIInterfaceOrientationPortraitUpsideDown UIInterfaceOrientationLandscapeLeft UIInterfaceOrientationLandscapeRight";
				INFOPLIST_KEY_UISupportedInterfaceOrientations_iPhone = UIInterfaceOrientationPortrait;
				LD_RUNPATH_SEARCH_PATHS = (
					"$(inherited)",
					"@executable_path/Frameworks",
				);
				MARKETING_VERSION = 1.0;
				PRODUCT_BUNDLE_IDENTIFIER = com.hyperxtech.SwipeApp;
				PRODUCT_NAME = "$(TARGET_NAME)";
				SWIFT_EMIT_LOC_STRINGS = YES;
				SWIFT_VERSION = 5.0;
				TARGETED_DEVICE_FAMILY = "1,2";
			};
			name = Debug;
		};
		DDBD632227DFA0000049E740 /* Release */ = {
			isa = XCBuildConfiguration;
			buildSettings = {
				ASSETCATALOG_COMPILER_APPICON_NAME = AppIcon;
				ASSETCATALOG_COMPILER_GLOBAL_ACCENT_COLOR_NAME = AccentColor;
				CODE_SIGN_STYLE = Automatic;
				CURRENT_PROJECT_VERSION = 1;
				DEVELOPMENT_ASSET_PATHS = "\"SwipeApp/Preview Content\"";
				DEVELOPMENT_TEAM = X6BCZG26RH;
				ENABLE_PREVIEWS = YES;
				GENERATE_INFOPLIST_FILE = YES;
				INFOPLIST_FILE = SwipeApp/Info.plist;
				INFOPLIST_KEY_UIApplicationSceneManifest_Generation = YES;
				INFOPLIST_KEY_UIApplicationSupportsIndirectInputEvents = YES;
				INFOPLIST_KEY_UISupportedInterfaceOrientations = UIInterfaceOrientationPortrait;
				INFOPLIST_KEY_UISupportedInterfaceOrientations_iPad = "UIInterfaceOrientationPortrait UIInterfaceOrientationPortraitUpsideDown UIInterfaceOrientationLandscapeLeft UIInterfaceOrientationLandscapeRight";
				INFOPLIST_KEY_UISupportedInterfaceOrientations_iPhone = UIInterfaceOrientationPortrait;
				LD_RUNPATH_SEARCH_PATHS = (
					"$(inherited)",
					"@executable_path/Frameworks",
				);
				MARKETING_VERSION = 1.0;
				PRODUCT_BUNDLE_IDENTIFIER = com.hyperxtech.SwipeApp;
				PRODUCT_NAME = "$(TARGET_NAME)";
				SWIFT_EMIT_LOC_STRINGS = YES;
				SWIFT_VERSION = 5.0;
				TARGETED_DEVICE_FAMILY = "1,2";
			};
			name = Release;
		};
/* End XCBuildConfiguration section */

/* Begin XCConfigurationList section */
		DDBD630D27DF9FFF0049E740 /* Build configuration list for PBXProject "SwipeApp" */ = {
			isa = XCConfigurationList;
			buildConfigurations = (
				DDBD631E27DFA0000049E740 /* Debug */,
				DDBD631F27DFA0000049E740 /* Release */,
			);
			defaultConfigurationIsVisible = 0;
			defaultConfigurationName = Release;
		};
		DDBD632027DFA0000049E740 /* Build configuration list for PBXNativeTarget "SwipeApp" */ = {
			isa = XCConfigurationList;
			buildConfigurations = (
				DDBD632127DFA0000049E740 /* Debug */,
				DDBD632227DFA0000049E740 /* Release */,
			);
			defaultConfigurationIsVisible = 0;
			defaultConfigurationName = Release;
		};
/* End XCConfigurationList section */
	};
	rootObject = DDBD630A27DF9FFF0049E740 /* Project object */;
}
